
Microsoft Visual Studio Solution File, Format Version 12.00
# Visual Studio Version 17
VisualStudioVersion = 17.1.32421.90
MinimumVisualStudioVersion = 10.0.40219.1
Project("{FAE04EC0-301F-11D3-BF4B-00C04F79EFBC}") = "RPSLSv3", "RPSLSv3\RPSLSv3.csproj", "{6CAB8628-1401-4101-BE1F-A9DB96AABE7E}"
EndProject
Global
	GlobalSection(SolutionConfigurationPlatforms) = preSolution
		Debug|Any CPU = Debug|Any CPU
		Release|Any CPU = Release|Any CPU
	EndGlobalSection
	GlobalSection(ProjectConfigurationPlatforms) = postSolution
		{6CAB8628-1401-4101-BE1F-A9DB96AABE7E}.Debug|Any CPU.ActiveCfg = Debug|Any CPU
		{6CAB8628-1401-4101-BE1F-A9DB96AABE7E}.Debug|Any CPU.Build.0 = Debug|Any CPU
		{6CAB8628-1401-4101-BE1F-A9DB96AABE7E}.Release|Any CPU.ActiveCfg = Release|Any CPU
		{6CAB8628-1401-4101-BE1F-A9DB96AABE7E}.Release|Any CPU.Build.0 = Release|Any CPU
	EndGlobalSection
	GlobalSection(SolutionProperties) = preSolution
		HideSolutionNode = FALSE
	EndGlobalSection
	GlobalSection(ExtensibilityGlobals) = postSolution
		SolutionGuid = {5134A1B9-1784-47C4-AB2C-26E9971B9C0E}
	EndGlobalSection
EndGlobal
